dependencies:
- name: gateway
  repository: file://../gateway
  version: 0.1.0
- name: arkeo
  repository: file://../arkeo
  version: 0.1.0
- name: sentinel
  repository: file://../sentinel
  version: 0.1.0
- name: unchained-stack
  repository: file://../unchained
  version: 1.0.0
digest: sha256:e78d01db010c861437d94b0dae79dbeb83376b18f0b65bec67b3d4e6a74f1bae
generated: "2024-08-23T19:23:53.046887097Z"
