dependencies:
- name: arkeo
  repository: file://../arkeo
  version: 0.1.0
- name: sentinel
  repository: file://../sentinel
  version: 0.1.0
- name: unchained-stack
  repository: file://../unchained
  version: 1.0.0
digest: sha256:71b3dca37f3c734fb261d1459575e629cdea32f7eee150b72c49c1f2360929db
generated: "2025-01-21T10:22:30.987586962-05:00"
